
Microsoft Visual Studio Solution File, Format Version 12.00
# Visual Studio Version 17
VisualStudioVersion = 17.0.31611.283
MinimumVisualStudioVersion = 10.0.40219.1
Project("{9A19103F-16F7-4668-BE54-9A1E7A4F7556}") = "vxnet-1", "vxnet-1\vxnet-1.csproj", "{FE288FD7-2F2A-4AD5-A210-48108FE45C2D}"
EndProject
Project("{9A19103F-16F7-4668-BE54-9A1E7A4F7556}") = "Domain", "Domain\Domain.csproj", "{C5A633A6-E167-4310-8893-EAAF0F4C9236}"
EndProject
Project("{FAE04EC0-301F-11D3-BF4B-00C04F79EFBC}") = "RestAPI", "RestAPI\RestAPI.csproj", "{6ABEDAD3-4FE3-437F-9AEB-BA89CD6735D8}"
EndProject
Global
	GlobalSection(SolutionConfigurationPlatforms) = preSolution
		Debug|Any CPU = Debug|Any CPU
		Release|Any CPU = Release|Any CPU
	EndGlobalSection
	GlobalSection(ProjectConfigurationPlatforms) = postSolution
		{FE288FD7-2F2A-4AD5-A210-48108FE45C2D}.Debug|Any CPU.ActiveCfg = Debug|Any CPU
		{FE288FD7-2F2A-4AD5-A210-48108FE45C2D}.Debug|Any CPU.Build.0 = Debug|Any CPU
		{FE288FD7-2F2A-4AD5-A210-48108FE45C2D}.Debug|Any CPU.Deploy.0 = Debug|Any CPU
		{FE288FD7-2F2A-4AD5-A210-48108FE45C2D}.Release|Any CPU.ActiveCfg = Release|Any CPU
		{FE288FD7-2F2A-4AD5-A210-48108FE45C2D}.Release|Any CPU.Build.0 = Release|Any CPU
		{FE288FD7-2F2A-4AD5-A210-48108FE45C2D}.Release|Any CPU.Deploy.0 = Release|Any CPU
		{C5A633A6-E167-4310-8893-EAAF0F4C9236}.Debug|Any CPU.ActiveCfg = Debug|Any CPU
		{C5A633A6-E167-4310-8893-EAAF0F4C9236}.Debug|Any CPU.Build.0 = Debug|Any CPU
		{C5A633A6-E167-4310-8893-EAAF0F4C9236}.Release|Any CPU.ActiveCfg = Release|Any CPU
		{C5A633A6-E167-4310-8893-EAAF0F4C9236}.Release|Any CPU.Build.0 = Release|Any CPU
		{6ABEDAD3-4FE3-437F-9AEB-BA89CD6735D8}.Debug|Any CPU.ActiveCfg = Debug|Any CPU
		{6ABEDAD3-4FE3-437F-9AEB-BA89CD6735D8}.Debug|Any CPU.Build.0 = Debug|Any CPU
		{6ABEDAD3-4FE3-437F-9AEB-BA89CD6735D8}.Release|Any CPU.ActiveCfg = Release|Any CPU
		{6ABEDAD3-4FE3-437F-9AEB-BA89CD6735D8}.Release|Any CPU.Build.0 = Release|Any CPU
	EndGlobalSection
	GlobalSection(SolutionProperties) = preSolution
		HideSolutionNode = FALSE
	EndGlobalSection
	GlobalSection(ExtensibilityGlobals) = postSolution
		SolutionGuid = {61F7FB11-1E47-470C-91E2-47F8143E1572}
	EndGlobalSection
EndGlobal
